// !$*UTF8*$!
{
	archiveVersion = 1;
	classes = {
	};
	objectVersion = 51;
	objects = {

/* Begin PBXBuildFile section */
		B81E29B22419396500FA83CF /* AppDelegate.m in Sources */ = {isa = PBXBuildFile; fileRef = B81E29B12419396500FA83CF /* AppDelegate.m */; };
		B81E29B52419396500FA83CF /* SceneDelegate.m in Sources */ = {isa = PBXBuildFile; fileRef = B81E29B42419396500FA83CF /* SceneDelegate.m */; };
		B81E29B82419396500FA83CF /* ViewController.m in Sources */ = {isa = PBXBuildFile; fileRef = B81E29B72419396500FA83CF /* ViewController.m */; };
		B81E29BB2419396500FA83CF /* Main.storyboard in Resources */ = {isa = PBXBuildFile; fileRef = B81E29B92419396500FA83CF /* Main.storyboard */; };
		B81E29BD2419396700FA83CF /* Assets.xcassets in Resources */ = {isa = PBXBuildFile; fileRef = B81E29BC2419396700FA83CF /* Assets.xcassets */; };
		B81E29C02419396700FA83CF /* LaunchScreen.storyboard in Resources */ = {isa = PBXBuildFile; fileRef = B81E29BE2419396700FA83CF /* LaunchScreen.storyboard */; };
		B81E29C32419396700FA83CF /* main.m in Sources */ = {isa = PBXBuildFile; fileRef = B81E29C22419396700FA83CF /* main.m */; };
		B81E29CF2419399A00FA83CF /* ChartViewController.m in Sources */ = {isa = PBXBuildFile; fileRef = B81E29CB2419399A00FA83CF /* ChartViewController.m */; };
		B81E29D02419399A00FA83CF /* MainViewController.m in Sources */ = {isa = PBXBuildFile; fileRef = B81E29CD2419399A00FA83CF /* MainViewController.m */; };
		B81E29D724193CAC00FA83CF /* SSViewController.swift in Sources */ = {isa = PBXBuildFile; fileRef = B81E29D624193CAC00FA83CF /* SSViewController.swift */; };
/* End PBXBuildFile section */

/* Begin PBXCopyFilesBuildPhase section */
		B81E29D424193C8600FA83CF /* Embed Frameworks */ = {
			isa = PBXCopyFilesBuildPhase;
			buildActionMask = 2147483647;
			dstPath = "";
			dstSubfolderSpec = 10;
			files = (
			);
			name = "Embed Frameworks";
			runOnlyForDeploymentPostprocessing = 0;
		};
/* End PBXCopyFilesBuildPhase section */

/* Begin PBXFileReference section */
		0C68502A1B02868F74890BBE /* Pods-stepbystep.release.xcconfig */ = {isa = PBXFileReference; includeInIndex = 1; lastKnownFileType = text.xcconfig; name = "Pods-stepbystep.release.xcconfig"; path = "Target Support Files/Pods-stepbystep/Pods-stepbystep.release.xcconfig"; sourceTree = "<group>"; };
		B81E29AD2419396500FA83CF /* stepbystep.app */ = {isa = PBXFileReference; explicitFileType = wrapper.application; includeInIndex = 0; path = stepbystep.app; sourceTree = BUILT_PRODUCTS_DIR; };
		B81E29B02419396500FA83CF /* AppDelegate.h */ = {isa = PBXFileReference; lastKnownFileType = sourcecode.c.h; path = AppDelegate.h; sourceTree = "<group>"; };
		B81E29B12419396500FA83CF /* AppDelegate.m */ = {isa = PBXFileReference; lastKnownFileType = sourcecode.c.objc; path = AppDelegate.m; sourceTree = "<group>"; };
		B81E29B32419396500FA83CF /* SceneDelegate.h */ = {isa = PBXFileReference; lastKnownFileType = sourcecode.c.h; path = SceneDelegate.h; sourceTree = "<group>"; };
		B81E29B42419396500FA83CF /* SceneDelegate.m */ = {isa = PBXFileReference; lastKnownFileType = sourcecode.c.objc; path = SceneDelegate.m; sourceTree = "<group>"; };
		B81E29B62419396500FA83CF /* ViewController.h */ = {isa = PBXFileReference; lastKnownFileType = sourcecode.c.h; path = ViewController.h; sourceTree = "<group>"; };
		B81E29B72419396500FA83CF /* ViewController.m */ = {isa = PBXFileReference; lastKnownFileType = sourcecode.c.objc; path = ViewController.m; sourceTree = "<group>"; };
		B81E29BA2419396500FA83CF /* Base */ = {isa = PBXFileReference; lastKnownFileType = file.storyboard; name = Base; path = Base.lproj/Main.storyboard; sourceTree = "<group>"; };
		B81E29BC2419396700FA83CF /* Assets.xcassets */ = {isa = PBXFileReference; lastKnownFileType = folder.assetcatalog; path = Assets.xcassets; sourceTree = "<group>"; };
		B81E29BF2419396700FA83CF /* Base */ = {isa = PBXFileReference; lastKnownFileType = file.storyboard; name = Base; path = Base.lproj/LaunchScreen.storyboard; sourceTree = "<group>"; };
		B81E29C12419396700FA83CF /* Info.plist */ = {isa = PBXFileReference; lastKnownFileType = text.plist.xml; path = Info.plist; sourceTree = "<group>"; };
		B81E29C22419396700FA83CF /* main.m */ = {isa = PBXFileReference; lastKnownFileType = sourcecode.c.objc; path = main.m; sourceTree = "<group>"; };
		B81E29CA2419399A00FA83CF /* ChartViewController.h */ = {isa = PBXFileReference; fileEncoding = 4; lastKnownFileType = sourcecode.c.h; path = ChartViewController.h; sourceTree = "<group>"; };
		B81E29CB2419399A00FA83CF /* ChartViewController.m */ = {isa = PBXFileReference; fileEncoding = 4; lastKnownFileType = sourcecode.c.objc; path = ChartViewController.m; sourceTree = "<group>"; };
		B81E29CD2419399A00FA83CF /* MainViewController.m */ = {isa = PBXFileReference; fileEncoding = 4; lastKnownFileType = sourcecode.c.objc; path = MainViewController.m; sourceTree = "<group>"; };
		B81E29CE2419399A00FA83CF /* MainViewController.h */ = {isa = PBXFileReference; fileEncoding = 4; lastKnownFileType = sourcecode.c.h; path = MainViewController.h; sourceTree = "<group>"; };
		B81E29D524193CAC00FA83CF /* stepbystep-Bridging-Header.h */ = {isa = PBXFileReference; lastKnownFileType = sourcecode.c.h; path = "stepbystep-Bridging-Header.h"; sourceTree = "<group>"; };
		B81E29D624193CAC00FA83CF /* SSViewController.swift */ = {isa = PBXFileReference; lastKnownFileType = sourcecode.swift; path = SSViewController.swift; sourceTree = "<group>"; };
		DBA6220C27436763B826D3F2 /* Pods-stepbystep.debug.xcconfig */ = {isa = PBXFileReference; includeInIndex = 1; lastKnownFileType = text.xcconfig; name = "Pods-stepbystep.debug.xcconfig"; path = "Target Support Files/Pods-stepbystep/Pods-stepbystep.debug.xcconfig"; sourceTree = "<group>"; };
/* End PBXFileReference section */

/* Begin PBXFrameworksBuildPhase section */
		B81E29AA2419396500FA83CF /* Frameworks */ = {
			isa = PBXFrameworksBuildPhase;
			buildActionMask = 2147483647;
			files = (
			);
			runOnlyForDeploymentPostprocessing = 0;
		};
/* End PBXFrameworksBuildPhase section */

/* Begin PBXGroup section */
		39482A4224539B01D55D9639 /* Frameworks */ = {
			isa = PBXGroup;
			children = (
			);
			name = Frameworks;
			sourceTree = "<group>";
		};
		8CCD4E82D6ADBC8066F7A462 /* Pods */ = {
			isa = PBXGroup;
			children = (
				DBA6220C27436763B826D3F2 /* Pods-stepbystep.debug.xcconfig */,
				0C68502A1B02868F74890BBE /* Pods-stepbystep.release.xcconfig */,
			);
			path = Pods;
			sourceTree = "<group>";
		};
		B81E29A42419396500FA83CF = {
			isa = PBXGroup;
			children = (
				B81E29AF2419396500FA83CF /* stepbystep */,
				8CCD4E82D6ADBC8066F7A462 /* Pods */,
				39482A4224539B01D55D9639 /* Frameworks */,
			);
			sourceTree = "<group>";
		};
		B81E29AE2419396500FA83CF /* Products */ = {
			isa = PBXGroup;
			children = (
				B81E29AD2419396500FA83CF /* stepbystep.app */,
			);
			name = Products;
			path = ..;
			sourceTree = "<group>";
		};
		B81E29AF2419396500FA83CF /* stepbystep */ = {
			isa = PBXGroup;
			children = (
				B81E29C92419399A00FA83CF /* detail */,
				B81E29CC2419399A00FA83CF /* main */,
				B81E29B02419396500FA83CF /* AppDelegate.h */,
				B81E29B12419396500FA83CF /* AppDelegate.m */,
				B81E29B32419396500FA83CF /* SceneDelegate.h */,
				B81E29B42419396500FA83CF /* SceneDelegate.m */,
				B81E29B62419396500FA83CF /* ViewController.h */,
				B81E29B72419396500FA83CF /* ViewController.m */,
				B81E29B92419396500FA83CF /* Main.storyboard */,
				B81E29BC2419396700FA83CF /* Assets.xcassets */,
				B81E29BE2419396700FA83CF /* LaunchScreen.storyboard */,
				B81E29C12419396700FA83CF /* Info.plist */,
				B81E29C22419396700FA83CF /* main.m */,
				B81E29AE2419396500FA83CF /* Products */,
				B81E29D624193CAC00FA83CF /* SSViewController.swift */,
				B81E29D524193CAC00FA83CF /* stepbystep-Bridging-Header.h */,
			);
			path = stepbystep;
			sourceTree = "<group>";
		};
		B81E29C92419399A00FA83CF /* detail */ = {
			isa = PBXGroup;
			children = (
				B81E29CA2419399A00FA83CF /* ChartViewController.h */,
				B81E29CB2419399A00FA83CF /* ChartViewController.m */,
			);
			path = detail;
			sourceTree = SOURCE_ROOT;
		};
		B81E29CC2419399A00FA83CF /* main */ = {
			isa = PBXGroup;
			children = (
				B81E29CD2419399A00FA83CF /* MainViewController.m */,
				B81E29CE2419399A00FA83CF /* MainViewController.h */,
			);
			path = main;
			sourceTree = SOURCE_ROOT;
		};
/* End PBXGroup section */

/* Begin PBXNativeTarget section */
		B81E29AC2419396500FA83CF /* stepbystep */ = {
			isa = PBXNativeTarget;
			buildConfigurationList = B81E29C62419396700FA83CF /* Build configuration list for PBXNativeTarget "stepbystep" */;
			buildPhases = (
				51B483AD9E88E6F58A364CA5 /* [CP] Check Pods Manifest.lock */,
				B81E29A92419396500FA83CF /* Sources */,
				B81E29AA2419396500FA83CF /* Frameworks */,
				B81E29AB2419396500FA83CF /* Resources */,
				B81E29D424193C8600FA83CF /* Embed Frameworks */,
				6C852C9E7B175379FB215FE9 /* [CP] Embed Pods Frameworks */,
			);
			buildRules = (
			);
			dependencies = (
			);
			name = stepbystep;
			productName = stepbystep;
			productReference = B81E29AD2419396500FA83CF /* stepbystep.app */;
			productType = "com.apple.product-type.application";
		};
/* End PBXNativeTarget section */

/* Begin PBXProject section */
		B81E29A52419396500FA83CF /* Project object */ = {
			isa = PBXProject;
			attributes = {
				LastUpgradeCheck = 1130;
				ORGANIZATIONNAME = henvy;
				TargetAttributes = {
					B81E29AC2419396500FA83CF = {
						CreatedOnToolsVersion = 11.3.1;
						LastSwiftMigration = 1130;
					};
				};
			};
			buildConfigurationList = B81E29A82419396500FA83CF /* Build configuration list for PBXProject "stepbystep" */;
			compatibilityVersion = "Xcode 9.3";
			developmentRegion = en;
			hasScannedForEncodings = 0;
			knownRegions = (
				en,
				Base,
			);
			mainGroup = B81E29A42419396500FA83CF;
			productRefGroup = B81E29AE2419396500FA83CF /* Products */;
			projectDirPath = "";
			projectRoot = "";
			targets = (
				B81E29AC2419396500FA83CF /* stepbystep */,
			);
		};
/* End PBXProject section */

/* Begin PBXResourcesBuildPhase section */
		B81E29AB2419396500FA83CF /* Resources */ = {
			isa = PBXResourcesBuildPhase;
			buildActionMask = 2147483647;
			files = (
				B81E29C02419396700FA83CF /* LaunchScreen.storyboard in Resources */,
				B81E29BD2419396700FA83CF /* Assets.xcassets in Resources */,
				B81E29BB2419396500FA83CF /* Main.storyboard in Resources */,
			);
			runOnlyForDeploymentPostprocessing = 0;
		};
/* End PBXResourcesBuildPhase section */

/* Begin PBXShellScriptBuildPhase section */
		51B483AD9E88E6F58A364CA5 /* [CP] Check Pods Manifest.lock */ = {
			isa = PBXShellScriptBuildPhase;
			buildActionMask = 2147483647;
			files = (
			);
			inputFileListPaths = (
			);
			inputPaths = (
				"${PODS_PODFILE_DIR_PATH}/Podfile.lock",
				"${PODS_ROOT}/Manifest.lock",
			);
			name = "[CP] Check Pods Manifest.lock";
			outputFileListPaths = (
			);
			outputPaths = (
				"$(DERIVED_FILE_DIR)/Pods-stepbystep-checkManifestLockResult.txt",
			);
			runOnlyForDeploymentPostprocessing = 0;
			shellPath = /bin/sh;
			shellScript = "diff \"${PODS_PODFILE_DIR_PATH}/Podfile.lock\" \"${PODS_ROOT}/Manifest.lock\" > /dev/null\nif [ $? != 0 ] ; then\n    # print error to STDERR\n    echo \"error: The sandbox is not in sync with the Podfile.lock. Run 'pod install' or update your CocoaPods installation.\" >&2\n    exit 1\nfi\n# This output is used by Xcode 'outputs' to avoid re-running this script phase.\necho \"SUCCESS\" > \"${SCRIPT_OUTPUT_FILE_0}\"\n";
			showEnvVarsInLog = 0;
		};
		6C852C9E7B175379FB215FE9 /* [CP] Embed Pods Frameworks */ = {
			isa = PBXShellScriptBuildPhase;
			buildActionMask = 2147483647;
			files = (
			);
			inputFileListPaths = (
				"${PODS_ROOT}/Target Support Files/Pods-stepbystep/Pods-stepbystep-frameworks-${CONFIGURATION}-input-files.xcfilelist",
			);
			name = "[CP] Embed Pods Frameworks";
			outputFileListPaths = (
				"${PODS_ROOT}/Target Support Files/Pods-stepbystep/Pods-stepbystep-frameworks-${CONFIGURATION}-output-files.xcfilelist",
			);
			runOnlyForDeploymentPostprocessing = 0;
			shellPath = /bin/sh;
			shellScript = "\"${PODS_ROOT}/Target Support Files/Pods-stepbystep/Pods-stepbystep-frameworks.sh\"\n";
			showEnvVarsInLog = 0;
		};
/* End PBXShellScriptBuildPhase section */

/* Begin PBXSourcesBuildPhase section */
		B81E29A92419396500FA83CF /* Sources */ = {
			isa = PBXSourcesBuildPhase;
			buildActionMask = 2147483647;
			files = (
				B81E29CF2419399A00FA83CF /* ChartViewController.m in Sources */,
				B81E29D02419399A00FA83CF /* MainViewController.m in Sources */,
				B81E29B82419396500FA83CF /* ViewController.m in Sources */,
				B81E29B22419396500FA83CF /* AppDelegate.m in Sources */,
				B81E29D724193CAC00FA83CF /* SSViewController.swift in Sources */,
				B81E29C32419396700FA83CF /* main.m in Sources */,
				B81E29B52419396500FA83CF /* SceneDelegate.m in Sources */,
			);
			runOnlyForDeploymentPostprocessing = 0;
		};
/* End PBXSourcesBuildPhase section */

/* Begin PBXVariantGroup section */
		B81E29B92419396500FA83CF /* Main.storyboard */ = {
			isa = PBXVariantGroup;
			children = (
				B81E29BA2419396500FA83CF /* Base */,
			);
			name = Main.storyboard;
			sourceTree = "<group>";
		};
		B81E29BE2419396700FA83CF /* LaunchScreen.storyboard */ = {
			isa = PBXVariantGroup;
			children = (
				B81E29BF2419396700FA83CF /* Base */,
			);
			name = LaunchScreen.storyboard;
			sourceTree = "<group>";
		};
/* End PBXVariantGroup section */

/* Begin XCBuildConfiguration section */
		B81E29C42419396700FA83CF /* Debug */ = {
			isa = XCBuildConfiguration;
			buildSettings = {
				ALWAYS_SEARCH_USER_PATHS = NO;
				CLANG_ANALYZER_NONNULL = YES;
				CLANG_ANALYZER_NUMBER_OBJECT_CONVERSION = YES_AGGRESSIVE;
				CLANG_CXX_LANGUAGE_STANDARD = "gnu++14";
				CLANG_CXX_LIBRARY = "libc++";
				CLANG_ENABLE_MODULES = YES;
				CLANG_ENABLE_OBJC_ARC = YES;
				CLANG_ENABLE_OBJC_WEAK = YES;
				CLANG_WARN_BLOCK_CAPTURE_AUTORELEASING = YES;
				CLANG_WARN_BOOL_CONVERSION = YES;
				CLANG_WARN_COMMA = YES;
				CLANG_WARN_CONSTANT_CONVERSION = YES;
				CLANG_WARN_DEPRECATED_OBJC_IMPLEMENTATIONS = YES;
				CLANG_WARN_DIRECT_OBJC_ISA_USAGE = YES_ERROR;
				CLANG_WARN_DOCUMENTATION_COMMENTS = YES;
				CLANG_WARN_EMPTY_BODY = YES;
				CLANG_WARN_ENUM_CONVERSION = YES;
				CLANG_WARN_INFINITE_RECURSION = YES;
				CLANG_WARN_INT_CONVERSION = YES;
				CLANG_WARN_NON_LITERAL_NULL_CONVERSION = YES;
				CLANG_WARN_OBJC_IMPLICIT_RETAIN_SELF = YES;
				CLANG_WARN_OBJC_LITERAL_CONVERSION = YES;
				CLANG_WARN_OBJC_ROOT_CLASS = YES_ERROR;
				CLANG_WARN_RANGE_LOOP_ANALYSIS = YES;
				CLANG_WARN_STRICT_PROTOTYPES = YES;
				CLANG_WARN_SUSPICIOUS_MOVE = YES;
				CLANG_WARN_UNGUARDED_AVAILABILITY = YES_AGGRESSIVE;
				CLANG_WARN_UNREACHABLE_CODE = YES;
				CLANG_WARN__DUPLICATE_METHOD_MATCH = YES;
				COPY_PHASE_STRIP = NO;
				DEBUG_INFORMATION_FORMAT = dwarf;
				ENABLE_STRICT_OBJC_MSGSEND = YES;
				ENABLE_TESTABILITY = YES;
				GCC_C_LANGUAGE_STANDARD = gnu11;
				GCC_DYNAMIC_NO_PIC = NO;
				GCC_NO_COMMON_BLOCKS = YES;
				GCC_OPTIMIZATION_LEVEL = 0;
				GCC_PREPROCESSOR_DEFINITIONS = (
					"DEBUG=1",
					"$(inherited)",
				);
				GCC_WARN_64_TO_32_BIT_CONVERSION = YES;
				GCC_WARN_ABOUT_RETURN_TYPE = YES_ERROR;
				GCC_WARN_UNDECLARED_SELECTOR = YES;
				GCC_WARN_UNINITIALIZED_AUTOS = YES_AGGRESSIVE;
				GCC_WARN_UNUSED_FUNCTION = YES;
				GCC_WARN_UNUSED_VARIABLE = YES;
				IPHONEOS_DEPLOYMENT_TARGET = 13.2;
				MTL_ENABLE_DEBUG_INFO = INCLUDE_SOURCE;
				MTL_FAST_MATH = YES;
				ONLY_ACTIVE_ARCH = YES;
				SDKROOT = iphoneos;
			};
			name = Debug;
		};
		B81E29C52419396700FA83CF /* Release */ = {
			isa = XCBuildConfiguration;
			buildSettings = {
				ALWAYS_SEARCH_USER_PATHS = NO;
				CLANG_ANALYZER_NONNULL = YES;
				CLANG_ANALYZER_NUMBER_OBJECT_CONVERSION = YES_AGGRESSIVE;
				CLANG_CXX_LANGUAGE_STANDARD = "gnu++14";
				CLANG_CXX_LIBRARY = "libc++";
				CLANG_ENABLE_MODULES = YES;
				CLANG_ENABLE_OBJC_ARC = YES;
				CLANG_ENABLE_OBJC_WEAK = YES;
				CLANG_WARN_BLOCK_CAPTURE_AUTORELEASING = YES;
				CLANG_WARN_BOOL_CONVERSION = YES;
				CLANG_WARN_COMMA = YES;
				CLANG_WARN_CONSTANT_CONVERSION = YES;
				CLANG_WARN_DEPRECATED_OBJC_IMPLEMENTATIONS = YES;
				CLANG_WARN_DIRECT_OBJC_ISA_USAGE = YES_ERROR;
				CLANG_WARN_DOCUMENTATION_COMMENTS = YES;
				CLANG_WARN_EMPTY_BODY = YES;
				CLANG_WARN_ENUM_CONVERSION = YES;
				CLANG_WARN_INFINITE_RECURSION = YES;
				CLANG_WARN_INT_CONVERSION = YES;
				CLANG_WARN_NON_LITERAL_NULL_CONVERSION = YES;
				CLANG_WARN_OBJC_IMPLICIT_RETAIN_SELF = YES;
				CLANG_WARN_OBJC_LITERAL_CONVERSION = YES;
				CLANG_WARN_OBJC_ROOT_CLASS = YES_ERROR;
				CLANG_WARN_RANGE_LOOP_ANALYSIS = YES;
				CLANG_WARN_STRICT_PROTOTYPES = YES;
				CLANG_WARN_SUSPICIOUS_MOVE = YES;
				CLANG_WARN_UNGUARDED_AVAILABILITY = YES_AGGRESSIVE;
				CLANG_WARN_UNREACHABLE_CODE = YES;
				CLANG_WARN__DUPLICATE_METHOD_MATCH = YES;
				COPY_PHASE_STRIP = NO;
				DEBUG_INFORMATION_FORMAT = "dwarf-with-dsym";
				ENABLE_NS_ASSERTIONS = NO;
				ENABLE_STRICT_OBJC_MSGSEND = YES;
				GCC_C_LANGUAGE_STANDARD = gnu11;
				GCC_NO_COMMON_BLOCKS = YES;
				GCC_WARN_64_TO_32_BIT_CONVERSION = YES;
				GCC_WARN_ABOUT_RETURN_TYPE = YES_ERROR;
				GCC_WARN_UNDECLARED_SELECTOR = YES;
				GCC_WARN_UNINITIALIZED_AUTOS = YES_AGGRESSIVE;
				GCC_WARN_UNUSED_FUNCTION = YES;
				GCC_WARN_UNUSED_VARIABLE = YES;
				IPHONEOS_DEPLOYMENT_TARGET = 13.2;
				MTL_ENABLE_DEBUG_INFO = NO;
				MTL_FAST_MATH = YES;
				SDKROOT = iphoneos;
				VALIDATE_PRODUCT = YES;
			};
			name = Release;
		};
		B81E29C72419396700FA83CF /* Debug */ = {
			isa = XCBuildConfiguration;
			baseConfigurationReference = DBA6220C27436763B826D3F2 /* Pods-stepbystep.debug.xcconfig */;
			buildSettings = {
				ASSETCATALOG_COMPILER_APPICON_NAME = AppIcon;
				CLANG_ENABLE_MODULES = YES;
				CODE_SIGN_STYLE = Automatic;
				DEVELOPMENT_TEAM = TR8H3N4W5J;
				FRAMEWORK_SEARCH_PATHS = (
					"$(inherited)",
					"$(PROJECT_DIR)",
				);
				INFOPLIST_FILE = stepbystep/Info.plist;
				LD_RUNPATH_SEARCH_PATHS = (
					"$(inherited)",
					"@executable_path/Frameworks",
				);
				PRODUCT_BUNDLE_IDENTIFIER = me.henvyluk.stepbystep;
				PRODUCT_NAME = "$(TARGET_NAME)";
				SWIFT_OBJC_BRIDGING_HEADER = "stepbystep/stepbystep-Bridging-Header.h";
				SWIFT_OPTIMIZATION_LEVEL = "-Onone";
				SWIFT_VERSION = 5.0;
				TARGETED_DEVICE_FAMILY = "1,2";
			};
			name = Debug;
		};
		B81E29C82419396700FA83CF /* Release */ = {
			isa = XCBuildConfiguration;
			baseConfigurationReference = 0C68502A1B02868F74890BBE /* Pods-stepbystep.release.xcconfig */;
			buildSettings = {
				ASSETCATALOG_COMPILER_APPICON_NAME = AppIcon;
				CLANG_ENABLE_MODULES = YES;
				CODE_SIGN_STYLE = Automatic;
				DEVELOPMENT_TEAM = TR8H3N4W5J;
				FRAMEWORK_SEARCH_PATHS = (
					"$(inherited)",
					"$(PROJECT_DIR)",
				);
				INFOPLIST_FILE = stepbystep/Info.plist;
				LD_RUNPATH_SEARCH_PATHS = (
					"$(inherited)",
					"@executable_path/Frameworks",
				);
				PRODUCT_BUNDLE_IDENTIFIER = me.henvyluk.stepbystep;
				PRODUCT_NAME = "$(TARGET_NAME)";
				SWIFT_OBJC_BRIDGING_HEADER = "stepbystep/stepbystep-Bridging-Header.h";
				SWIFT_VERSION = 5.0;
				TARGETED_DEVICE_FAMILY = "1,2";
			};
			name = Release;
		};
/* End XCBuildConfiguration section */

/* Begin XCConfigurationList section */
		B81E29A82419396500FA83CF /* Build configuration list for PBXProject "stepbystep" */ = {
			isa = XCConfigurationList;
			buildConfigurations = (
				B81E29C42419396700FA83CF /* Debug */,
				B81E29C52419396700FA83CF /* Release */,
			);
			defaultConfigurationIsVisible = 0;
			defaultConfigurationName = Release;
		};
		B81E29C62419396700FA83CF /* Build configuration list for PBXNativeTarget "stepbystep" */ = {
			isa = XCConfigurationList;
			buildConfigurations = (
				B81E29C72419396700FA83CF /* Debug */,
				B81E29C82419396700FA83CF /* Release */,
			);
			defaultConfigurationIsVisible = 0;
			defaultConfigurationName = Release;
		};
/* End XCConfigurationList section */
	};
	rootObject = B81E29A52419396500FA83CF /* Project object */;
}
